
Microsoft Visual Studio Solution File, Format Version 12.00
# Visual Studio Version 17
VisualStudioVersion = 17.9.34607.119
MinimumVisualStudioVersion = 10.0.40219.1
Project("{FAE04EC0-301F-11D3-BF4B-00C04F79EFBC}") = "SleepLog", "SleepLog\SleepLog.csproj", "{B117D523-37C1-4F39-9FE6-F223254E4911}"
EndProject
Project("{FAE04EC0-301F-11D3-BF4B-00C04F79EFBC}") = "EFLib", "EFLib\EFLib.csproj", "{A2958471-62CA-445E-936A-0E42855A1F94}"
EndProject
Global
	GlobalSection(SolutionConfigurationPlatforms) = preSolution
		Debug|Any CPU = Debug|Any CPU
		Release|Any CPU = Release|Any CPU
	EndGlobalSection
	GlobalSection(ProjectConfigurationPlatforms) = postSolution
		{B117D523-37C1-4F39-9FE6-F223254E4911}.Debug|Any CPU.ActiveCfg = Debug|Any CPU
		{B117D523-37C1-4F39-9FE6-F223254E4911}.Debug|Any CPU.Build.0 = Debug|Any CPU
		{B117D523-37C1-4F39-9FE6-F223254E4911}.Debug|Any CPU.Deploy.0 = Debug|Any CPU
		{B117D523-37C1-4F39-9FE6-F223254E4911}.Release|Any CPU.ActiveCfg = Release|Any CPU
		{B117D523-37C1-4F39-9FE6-F223254E4911}.Release|Any CPU.Build.0 = Release|Any CPU
		{B117D523-37C1-4F39-9FE6-F223254E4911}.Release|Any CPU.Deploy.0 = Release|Any CPU
		{A2958471-62CA-445E-936A-0E42855A1F94}.Debug|Any CPU.ActiveCfg = Debug|Any CPU
		{A2958471-62CA-445E-936A-0E42855A1F94}.Debug|Any CPU.Build.0 = Debug|Any CPU
		{A2958471-62CA-445E-936A-0E42855A1F94}.Release|Any CPU.ActiveCfg = Release|Any CPU
		{A2958471-62CA-445E-936A-0E42855A1F94}.Release|Any CPU.Build.0 = Release|Any CPU
	EndGlobalSection
	GlobalSection(SolutionProperties) = preSolution
		HideSolutionNode = FALSE
	EndGlobalSection
	GlobalSection(ExtensibilityGlobals) = postSolution
		SolutionGuid = {BFFCBCAA-F993-41AC-8C50-A69BECD344BC}
	EndGlobalSection
EndGlobal
